
Microsoft Visual Studio Solution File, Format Version 12.00
# Visual Studio Version 16
VisualStudioVersion = 16.0.29806.167
MinimumVisualStudioVersion = 10.0.40219.1
Project("{FAE04EC0-301F-11D3-BF4B-00C04F79EFBC}") = "familyFinance", "familyFinance.csproj", "{60D845C3-BFFC-491E-9510-D781CB36794E}"
EndProject
Global
	GlobalSection(SolutionConfigurationPlatforms) = preSolution
		Debug|Any CPU = Debug|Any CPU
		Release|Any CPU = Release|Any CPU
	EndGlobalSection
	GlobalSection(ProjectConfigurationPlatforms) = postSolution
		{60D845C3-BFFC-491E-9510-D781CB36794E}.Debug|Any CPU.ActiveCfg = Debug|Any CPU
		{60D845C3-BFFC-491E-9510-D781CB36794E}.Debug|Any CPU.Build.0 = Debug|Any CPU
		{60D845C3-BFFC-491E-9510-D781CB36794E}.Release|Any CPU.ActiveCfg = Release|Any CPU
		{60D845C3-BFFC-491E-9510-D781CB36794E}.Release|Any CPU.Build.0 = Release|Any CPU
	EndGlobalSection
	GlobalSection(SolutionProperties) = preSolution
		HideSolutionNode = FALSE
	EndGlobalSection
	GlobalSection(ExtensibilityGlobals) = postSolution
		SolutionGuid = {DC58E0F5-3C34-417D-B5AD-122446F82015}
	EndGlobalSection
EndGlobal
